github.com/golang/snappy v0.0.4 h1:yAGX7huGHXlcLOEtBnF4w7FQwA26wojNCwOYAEhLjQM=
github.com/golang/snappy v0.0.4/go.mod h1:/XxbfmMg8lxefKm7IvM/+Bu0i/qXQNu/nqfAFglbQ8=
github.com/google/go-cmp v0.5.8 h1:e6P7q2lk1O+qsSfqRKPkV/7ObPLgsWLoCjlCc7YfeE=
github.com/google/go-cmp v0.5.8/go.mod h1:17dUlkBOakJ0+DkrSSNjCkIjxS6bF9zb3elmeNGIjoY=
github.com/klauspost/compress v1.17.4 h1:Ej5ixsB2BELNo48hchVMfflI0ByRWL2+pfSvF7jsBQ=
github.com/klauspost/compress v1.17.4/go.mod h1:/dCuZOvVtNoUJSKNqn5TEgm3I6MzNpy8kX59yEkq6o=
github.com/montanaflynn/stats v0.7.0 h1:2BknMvEos6ZnZr/IoVnVv0QcIfjI3EytdrT8LoTkJw=
github.com/montanaflynn/stats v0.7.0/go.mod h1:etXPPgVO6n3nBPs+gpasseidKmU9ZPersonalZpSUVcdw=
github.com/xdg-go/pbkdf2 v1.0.0 h1:Su7DPu48wXMwC3bs7MWIT4BSpLSstYkqrm4V14rdC0=
github.com/xdg-go/pbkdf2 v1.0.0/go.mod h1:jrpuAogTd400dnrH08LgsrwMHAZRtSVsQ3kSadhjqM=
github.com/xdg-go/scram v1.1.2 h1:FHX5I5B4i4hKY4rh3+9qBCTxSpms3l/PU60czc08c=
github.com/xdg-go/scram v1.1.2/go.mod h1:RT/sEzTbU5y00aCTIJVru0h/wLZNontgQbPW/wu5Bg=
github.com/xdg-go/stringprep v1.1.0 h1:d0um3gNXvwOYc8S+aIsLX3rVJMUqLKIRP3+5sVzNDo=
github.com/xdg-go/stringprep v1.1.0/go.mod h1:Yhqv7pDJsF0xl7MvjB/XH46quv7MMmX+NQPqufAJjc=
github.com/youmark/pkcs8 v0.0.0-20201027041543-1d65204d4d8b h1:0xvHCB8C9KsujkHVfZWswNkCNJI0cK8zE12VmzWA9w=
github.com/youmark/pkcs8 v0.0.0-20201027041543-1d65204d4d8b/go.mod h1:kQX1St/AKI6ppneShnJ41tUQH5FDdbQVtn8DsNOWZo=
go.mongodb.org/mongo-driver v1.14.0 h1:P98w8egYRjYe3XDjxhYJagTokP/H6HzlsnojRgZRd80=
go.mongodb.org/mongo-driver v1.14.0/go.mod h1:Vzb0Mk/pa7e6cWw85R4F/endUC3u0U9jGcNU603k65c=
golang.org/x/crypto v0.17.0 h1:r8bRNjWL3GshPW2xiYDn5DE9bo2dZJaVUaB2D//ZwI=
golang.org/x/crypto v0.17.0/go.mod h1:gCAAfMLgwOJRpqjZxvrYmssPPatLCaaxDyNvMNWxMo=
golang.org/x/sync v0.5.0 h1:60k92dhOjHxJkrqnwsfl8KuX00YkiHN7Y31L0CQKl0=
golang.org/x/sync v0.5.0/go.mod h1:Czt+wKu+jkqNfs2n7/ns3hznbao7po8On/s+GO5gDA=
golang.org/x/text v0.14.0 h1:ScX5w1eTa6QWbstD13qnmso7JojSEs0QBifqW2+eCY=
golang.org/x/text v0.14.0/go.mod h1:18ZOQIKpY8NJVqYksKHtTdi31H5itlqbDunge+7ohQ=
